
Microsoft Visual Studio Solution File, Format Version 12.00
# Visual Studio Version 17
VisualStudioVersion = 17.7.34202.233
MinimumVisualStudioVersion = 10.0.40219.1
Project("{8BC9CEB8-8B4A-11D0-8D11-00A0C91BC942}") = "01", "01.vcxproj", "{B01541D2-CD31-4CA5-925B-5D547BB89E67}"
EndProject
Global
	GlobalSection(SolutionConfigurationPlatforms) = preSolution
		Debug|x64 = Debug|x64
		Debug|x86 = Debug|x86
		Release|x64 = Release|x64
		Release|x86 = Release|x86
	EndGlobalSection
	GlobalSection(ProjectConfigurationPlatforms) = postSolution
		{B01541D2-CD31-4CA5-925B-5D547BB89E67}.Debug|x64.ActiveCfg = Debug|x64
		{B01541D2-CD31-4CA5-925B-5D547BB89E67}.Debug|x64.Build.0 = Debug|x64
		{B01541D2-CD31-4CA5-925B-5D547BB89E67}.Debug|x86.ActiveCfg = Debug|Win32
		{B01541D2-CD31-4CA5-925B-5D547BB89E67}.Debug|x86.Build.0 = Debug|Win32
		{B01541D2-CD31-4CA5-925B-5D547BB89E67}.Release|x64.ActiveCfg = Release|x64
		{B01541D2-CD31-4CA5-925B-5D547BB89E67}.Release|x64.Build.0 = Release|x64
		{B01541D2-CD31-4CA5-925B-5D547BB89E67}.Release|x86.ActiveCfg = Release|Win32
		{B01541D2-CD31-4CA5-925B-5D547BB89E67}.Release|x86.Build.0 = Release|Win32
	EndGlobalSection
	GlobalSection(SolutionProperties) = preSolution
		HideSolutionNode = FALSE
	EndGlobalSection
	GlobalSection(ExtensibilityGlobals) = postSolution
		SolutionGuid = {6F815B56-A98C-4108-B61F-535DC6B95DC9}
	EndGlobalSection
EndGlobal
