<?xml version="1.0" encoding="utf-8"?>
<Project ToolsVersion="17.0" xmlns="http://schemas.microsoft.com/developer/msbuild/2003">
  <ItemGroup>
    <ClCompile Include="E:\Нетология\Cppm\Project\RacingSimulator_CMake\RacingSimulator.cpp">
      <Filter>Source Files</Filter>
    </ClCompile>
  </ItemGroup>
  <ItemGroup>
    <CustomBuild Include="E:\Нетология\Cppm\Project\RacingSimulator_CMake\CMakeLists.txt" />
  </ItemGroup>
  <ItemGroup>
    <Filter Include="Source Files">
      <UniqueIdentifier>{35D2F68B-F25D-3668-A96E-534994760A35}</UniqueIdentifier>
    </Filter>
  </ItemGroup>
</Project>
